{
  "name": "clipboard",
  "lockfileVersion": 3,
  "requires": true,
  "packages": {
    "": {
      "dependencies": {
        "conductor": "^1.9.0"
      }
    },
    "node_modules/conductor": {
      "version": "1.9.0",
      "resolved": "https://registry.npmjs.org/conductor/-/conductor-1.9.0.tgz",
      "integrity": "sha512-RJokshJ+fSZg9qg+sE4LTdduGYoWSdvSI8VpVkZI/SyU5wtt0vBU4ye/OOoYFCEUv3TuZod7tTbmnV3JangSsA==",
      "license": "MIT",
      "engines": {
        "node": ">=7"
      }
    }
  }
}
